
Microsoft Visual Studio Solution File, Format Version 12.00
# Visual Studio Version 16
VisualStudioVersion = 16.0.30114.105
MinimumVisualStudioVersion = 10.0.40219.1
Project("{FAE04EC0-301F-11D3-BF4B-00C04F79EFBC}") = "R5T.T0034", "R5T.T0034\R5T.T0034.csproj", "{02B8CAD1-640C-43DB-A4A3-3C767E34A722}"
EndProject
Project("{FAE04EC0-301F-11D3-BF4B-00C04F79EFBC}") = "R5T.T0034.Construction", "R5T.T0034.Construction\R5T.T0034.Construction.csproj", "{19F269A7-10C2-4CE8-BFF6-CB5BEC4B2F42}"
EndProject
Project("{FAE04EC0-301F-11D3-BF4B-00C04F79EFBC}") = "R5T.T0034.T001", "R5T.T0034.T001\R5T.T0034.T001.csproj", "{68E77232-8748-4336-97E9-D5CF74A2E8C5}"
EndProject
Project("{FAE04EC0-301F-11D3-BF4B-00C04F79EFBC}") = "R5T.T0034.T001.X001", "R5T.T0034.T001.X001\R5T.T0034.T001.X001.csproj", "{A09CAD4B-918E-441B-AFED-4E19E0DF00D8}"
EndProject
Project("{FAE04EC0-301F-11D3-BF4B-00C04F79EFBC}") = "R5T.T0034.T001.X002", "R5T.T0034.T001.X002\R5T.T0034.T001.X002.csproj", "{47D7DAC2-6975-4BB5-A8F0-57B0460ACD11}"
EndProject
Project("{FAE04EC0-301F-11D3-BF4B-00C04F79EFBC}") = "R5T.T0034.X001", "R5T.T0034.X001\R5T.T0034.X001.csproj", "{6E000D44-2CFE-49E0-82BF-E69219FDBB87}"
EndProject
Project("{FAE04EC0-301F-11D3-BF4B-00C04F79EFBC}") = "R5T.T0034.X002", "R5T.T0034.X002\R5T.T0034.X002.csproj", "{B0454833-A0EB-4F68-9DE0-C244EAAF92FE}"
EndProject
Project("{FAE04EC0-301F-11D3-BF4B-00C04F79EFBC}") = "R5T.T0034.X003", "R5T.T0034.X003\R5T.T0034.X003.csproj", "{30E4E7F0-F276-43A5-9240-1C8D12B5EBD8}"
EndProject
Project("{FAE04EC0-301F-11D3-BF4B-00C04F79EFBC}") = "R5T.T0034.X004", "R5T.T0034.X004\R5T.T0034.X004.csproj", "{3221CD8E-6550-4CC7-A896-701560558843}"
EndProject
Project("{FAE04EC0-301F-11D3-BF4B-00C04F79EFBC}") = "R5T.T0034.X005", "R5T.T0034.X005\R5T.T0034.X005.csproj", "{39584531-0FD1-4D4E-90BD-B58DBEC56E34}"
EndProject
Project("{FAE04EC0-301F-11D3-BF4B-00C04F79EFBC}") = "R5T.T0034.X006", "R5T.T0034.X006\R5T.T0034.X006.csproj", "{07C625A3-8804-412F-9B52-64E688711925}"
EndProject
Project("{FAE04EC0-301F-11D3-BF4B-00C04F79EFBC}") = "R5T.T0034.X007", "R5T.T0034.X007\R5T.T0034.X007.csproj", "{AF9421A7-BA3E-4A29-934F-B7192909F699}"
EndProject
Project("{FAE04EC0-301F-11D3-BF4B-00C04F79EFBC}") = "R5T.T0034.X008", "R5T.T0034.X008\R5T.T0034.X008.csproj", "{9126E3F8-88BA-48D0-B499-6D2384C79FA2}"
EndProject
Project("{FAE04EC0-301F-11D3-BF4B-00C04F79EFBC}") = "R5T.T0034.X009", "R5T.T0034.X009\R5T.T0034.X009.csproj", "{2F37FDED-3172-4CD1-A6C2-8ECE431D1A5C}"
EndProject
Project("{FAE04EC0-301F-11D3-BF4B-00C04F79EFBC}") = "R5T.T0034.X010", "R5T.T0034.X010\R5T.T0034.X010.csproj", "{29CF350D-E225-46DC-8784-F760328C3A26}"
EndProject
Project("{FAE04EC0-301F-11D3-BF4B-00C04F79EFBC}") = "R5T.T0034.X011", "R5T.T0034.X011\R5T.T0034.X011.csproj", "{A42112E7-F10E-477C-9B71-6910A5DFFCF1}"
EndProject
Project("{FAE04EC0-301F-11D3-BF4B-00C04F79EFBC}") = "R5T.T0034.X012", "R5T.T0034.X012\R5T.T0034.X012.csproj", "{78E82DBA-051B-4B86-8128-66C3AFFDAC51}"
EndProject
Global
	GlobalSection(SolutionConfigurationPlatforms) = preSolution
		Debug|Any CPU = Debug|Any CPU
		Debug|x64 = Debug|x64
		Debug|x86 = Debug|x86
		Release|Any CPU = Release|Any CPU
		Release|x64 = Release|x64
		Release|x86 = Release|x86
	EndGlobalSection
	GlobalSection(SolutionProperties) = preSolution
		HideSolutionNode = FALSE
	EndGlobalSection
	GlobalSection(ProjectConfigurationPlatforms) = postSolution
		{02B8CAD1-640C-43DB-A4A3-3C767E34A722}.Debug|Any CPU.ActiveCfg = Debug|Any CPU
		{02B8CAD1-640C-43DB-A4A3-3C767E34A722}.Debug|Any CPU.Build.0 = Debug|Any CPU
		{02B8CAD1-640C-43DB-A4A3-3C767E34A722}.Debug|x64.ActiveCfg = Debug|Any CPU
		{02B8CAD1-640C-43DB-A4A3-3C767E34A722}.Debug|x64.Build.0 = Debug|Any CPU
		{02B8CAD1-640C-43DB-A4A3-3C767E34A722}.Debug|x86.ActiveCfg = Debug|Any CPU
		{02B8CAD1-640C-43DB-A4A3-3C767E34A722}.Debug|x86.Build.0 = Debug|Any CPU
		{02B8CAD1-640C-43DB-A4A3-3C767E34A722}.Release|Any CPU.ActiveCfg = Release|Any CPU
		{02B8CAD1-640C-43DB-A4A3-3C767E34A722}.Release|Any CPU.Build.0 = Release|Any CPU
		{02B8CAD1-640C-43DB-A4A3-3C767E34A722}.Release|x64.ActiveCfg = Release|Any CPU
		{02B8CAD1-640C-43DB-A4A3-3C767E34A722}.Release|x64.Build.0 = Release|Any CPU
		{02B8CAD1-640C-43DB-A4A3-3C767E34A722}.Release|x86.ActiveCfg = Release|Any CPU
		{02B8CAD1-640C-43DB-A4A3-3C767E34A722}.Release|x86.Build.0 = Release|Any CPU
		{19F269A7-10C2-4CE8-BFF6-CB5BEC4B2F42}.Debug|Any CPU.ActiveCfg = Debug|Any CPU
		{19F269A7-10C2-4CE8-BFF6-CB5BEC4B2F42}.Debug|Any CPU.Build.0 = Debug|Any CPU
		{19F269A7-10C2-4CE8-BFF6-CB5BEC4B2F42}.Debug|x64.ActiveCfg = Debug|Any CPU
		{19F269A7-10C2-4CE8-BFF6-CB5BEC4B2F42}.Debug|x64.Build.0 = Debug|Any CPU
		{19F269A7-10C2-4CE8-BFF6-CB5BEC4B2F42}.Debug|x86.ActiveCfg = Debug|Any CPU
		{19F269A7-10C2-4CE8-BFF6-CB5BEC4B2F42}.Debug|x86.Build.0 = Debug|Any CPU
		{19F269A7-10C2-4CE8-BFF6-CB5BEC4B2F42}.Release|Any CPU.ActiveCfg = Release|Any CPU
		{19F269A7-10C2-4CE8-BFF6-CB5BEC4B2F42}.Release|Any CPU.Build.0 = Release|Any CPU
		{19F269A7-10C2-4CE8-BFF6-CB5BEC4B2F42}.Release|x64.ActiveCfg = Release|Any CPU
		{19F269A7-10C2-4CE8-BFF6-CB5BEC4B2F42}.Release|x64.Build.0 = Release|Any CPU
		{19F269A7-10C2-4CE8-BFF6-CB5BEC4B2F42}.Release|x86.ActiveCfg = Release|Any CPU
		{19F269A7-10C2-4CE8-BFF6-CB5BEC4B2F42}.Release|x86.Build.0 = Release|Any CPU
		{68E77232-8748-4336-97E9-D5CF74A2E8C5}.Debug|Any CPU.ActiveCfg = Debug|Any CPU
		{68E77232-8748-4336-97E9-D5CF74A2E8C5}.Debug|Any CPU.Build.0 = Debug|Any CPU
		{68E77232-8748-4336-97E9-D5CF74A2E8C5}.Debug|x64.ActiveCfg = Debug|Any CPU
		{68E77232-8748-4336-97E9-D5CF74A2E8C5}.Debug|x64.Build.0 = Debug|Any CPU
		{68E77232-8748-4336-97E9-D5CF74A2E8C5}.Debug|x86.ActiveCfg = Debug|Any CPU
		{68E77232-8748-4336-97E9-D5CF74A2E8C5}.Debug|x86.Build.0 = Debug|Any CPU
		{68E77232-8748-4336-97E9-D5CF74A2E8C5}.Release|Any CPU.ActiveCfg = Release|Any CPU
		{68E77232-8748-4336-97E9-D5CF74A2E8C5}.Release|Any CPU.Build.0 = Release|Any CPU
		{68E77232-8748-4336-97E9-D5CF74A2E8C5}.Release|x64.ActiveCfg = Release|Any CPU
		{68E77232-8748-4336-97E9-D5CF74A2E8C5}.Release|x64.Build.0 = Release|Any CPU
		{68E77232-8748-4336-97E9-D5CF74A2E8C5}.Release|x86.ActiveCfg = Release|Any CPU
		{68E77232-8748-4336-97E9-D5CF74A2E8C5}.Release|x86.Build.0 = Release|Any CPU
		{A09CAD4B-918E-441B-AFED-4E19E0DF00D8}.Debug|Any CPU.ActiveCfg = Debug|Any CPU
		{A09CAD4B-918E-441B-AFED-4E19E0DF00D8}.Debug|Any CPU.Build.0 = Debug|Any CPU
		{A09CAD4B-918E-441B-AFED-4E19E0DF00D8}.Debug|x64.ActiveCfg = Debug|Any CPU
		{A09CAD4B-918E-441B-AFED-4E19E0DF00D8}.Debug|x64.Build.0 = Debug|Any CPU
		{A09CAD4B-918E-441B-AFED-4E19E0DF00D8}.Debug|x86.ActiveCfg = Debug|Any CPU
		{A09CAD4B-918E-441B-AFED-4E19E0DF00D8}.Debug|x86.Build.0 = Debug|Any CPU
		{A09CAD4B-918E-441B-AFED-4E19E0DF00D8}.Release|Any CPU.ActiveCfg = Release|Any CPU
		{A09CAD4B-918E-441B-AFED-4E19E0DF00D8}.Release|Any CPU.Build.0 = Release|Any CPU
		{A09CAD4B-918E-441B-AFED-4E19E0DF00D8}.Release|x64.ActiveCfg = Release|Any CPU
		{A09CAD4B-918E-441B-AFED-4E19E0DF00D8}.Release|x64.Build.0 = Release|Any CPU
		{A09CAD4B-918E-441B-AFED-4E19E0DF00D8}.Release|x86.ActiveCfg = Release|Any CPU
		{A09CAD4B-918E-441B-AFED-4E19E0DF00D8}.Release|x86.Build.0 = Release|Any CPU
		{47D7DAC2-6975-4BB5-A8F0-57B0460ACD11}.Debug|Any CPU.ActiveCfg = Debug|Any CPU
		{47D7DAC2-6975-4BB5-A8F0-57B0460ACD11}.Debug|Any CPU.Build.0 = Debug|Any CPU
		{47D7DAC2-6975-4BB5-A8F0-57B0460ACD11}.Debug|x64.ActiveCfg = Debug|Any CPU
		{47D7DAC2-6975-4BB5-A8F0-57B0460ACD11}.Debug|x64.Build.0 = Debug|Any CPU
		{47D7DAC2-6975-4BB5-A8F0-57B0460ACD11}.Debug|x86.ActiveCfg = Debug|Any CPU
		{47D7DAC2-6975-4BB5-A8F0-57B0460ACD11}.Debug|x86.Build.0 = Debug|Any CPU
		{47D7DAC2-6975-4BB5-A8F0-57B0460ACD11}.Release|Any CPU.ActiveCfg = Release|Any CPU
		{47D7DAC2-6975-4BB5-A8F0-57B0460ACD11}.Release|Any CPU.Build.0 = Release|Any CPU
		{47D7DAC2-6975-4BB5-A8F0-57B0460ACD11}.Release|x64.ActiveCfg = Release|Any CPU
		{47D7DAC2-6975-4BB5-A8F0-57B0460ACD11}.Release|x64.Build.0 = Release|Any CPU
		{47D7DAC2-6975-4BB5-A8F0-57B0460ACD11}.Release|x86.ActiveCfg = Release|Any CPU
		{47D7DAC2-6975-4BB5-A8F0-57B0460ACD11}.Release|x86.Build.0 = Release|Any CPU
		{6E000D44-2CFE-49E0-82BF-E69219FDBB87}.Debug|Any CPU.ActiveCfg = Debug|Any CPU
		{6E000D44-2CFE-49E0-82BF-E69219FDBB87}.Debug|Any CPU.Build.0 = Debug|Any CPU
		{6E000D44-2CFE-49E0-82BF-E69219FDBB87}.Debug|x64.ActiveCfg = Debug|Any CPU
		{6E000D44-2CFE-49E0-82BF-E69219FDBB87}.Debug|x64.Build.0 = Debug|Any CPU
		{6E000D44-2CFE-49E0-82BF-E69219FDBB87}.Debug|x86.ActiveCfg = Debug|Any CPU
		{6E000D44-2CFE-49E0-82BF-E69219FDBB87}.Debug|x86.Build.0 = Debug|Any CPU
		{6E000D44-2CFE-49E0-82BF-E69219FDBB87}.Release|Any CPU.ActiveCfg = Release|Any CPU
		{6E000D44-2CFE-49E0-82BF-E69219FDBB87}.Release|Any CPU.Build.0 = Release|Any CPU
		{6E000D44-2CFE-49E0-82BF-E69219FDBB87}.Release|x64.ActiveCfg = Release|Any CPU
		{6E000D44-2CFE-49E0-82BF-E69219FDBB87}.Release|x64.Build.0 = Release|Any CPU
		{6E000D44-2CFE-49E0-82BF-E69219FDBB87}.Release|x86.ActiveCfg = Release|Any CPU
		{6E000D44-2CFE-49E0-82BF-E69219FDBB87}.Release|x86.Build.0 = Release|Any CPU
		{B0454833-A0EB-4F68-9DE0-C244EAAF92FE}.Debug|Any CPU.ActiveCfg = Debug|Any CPU
		{B0454833-A0EB-4F68-9DE0-C244EAAF92FE}.Debug|Any CPU.Build.0 = Debug|Any CPU
		{B0454833-A0EB-4F68-9DE0-C244EAAF92FE}.Debug|x64.ActiveCfg = Debug|Any CPU
		{B0454833-A0EB-4F68-9DE0-C244EAAF92FE}.Debug|x64.Build.0 = Debug|Any CPU
		{B0454833-A0EB-4F68-9DE0-C244EAAF92FE}.Debug|x86.ActiveCfg = Debug|Any CPU
		{B0454833-A0EB-4F68-9DE0-C244EAAF92FE}.Debug|x86.Build.0 = Debug|Any CPU
		{B0454833-A0EB-4F68-9DE0-C244EAAF92FE}.Release|Any CPU.ActiveCfg = Release|Any CPU
		{B0454833-A0EB-4F68-9DE0-C244EAAF92FE}.Release|Any CPU.Build.0 = Release|Any CPU
		{B0454833-A0EB-4F68-9DE0-C244EAAF92FE}.Release|x64.ActiveCfg = Release|Any CPU
		{B0454833-A0EB-4F68-9DE0-C244EAAF92FE}.Release|x64.Build.0 = Release|Any CPU
		{B0454833-A0EB-4F68-9DE0-C244EAAF92FE}.Release|x86.ActiveCfg = Release|Any CPU
		{B0454833-A0EB-4F68-9DE0-C244EAAF92FE}.Release|x86.Build.0 = Release|Any CPU
		{30E4E7F0-F276-43A5-9240-1C8D12B5EBD8}.Debug|Any CPU.ActiveCfg = Debug|Any CPU
		{30E4E7F0-F276-43A5-9240-1C8D12B5EBD8}.Debug|Any CPU.Build.0 = Debug|Any CPU
		{30E4E7F0-F276-43A5-9240-1C8D12B5EBD8}.Debug|x64.ActiveCfg = Debug|Any CPU
		{30E4E7F0-F276-43A5-9240-1C8D12B5EBD8}.Debug|x64.Build.0 = Debug|Any CPU
		{30E4E7F0-F276-43A5-9240-1C8D12B5EBD8}.Debug|x86.ActiveCfg = Debug|Any CPU
		{30E4E7F0-F276-43A5-9240-1C8D12B5EBD8}.Debug|x86.Build.0 = Debug|Any CPU
		{30E4E7F0-F276-43A5-9240-1C8D12B5EBD8}.Release|Any CPU.ActiveCfg = Release|Any CPU
		{30E4E7F0-F276-43A5-9240-1C8D12B5EBD8}.Release|Any CPU.Build.0 = Release|Any CPU
		{30E4E7F0-F276-43A5-9240-1C8D12B5EBD8}.Release|x64.ActiveCfg = Release|Any CPU
		{30E4E7F0-F276-43A5-9240-1C8D12B5EBD8}.Release|x64.Build.0 = Release|Any CPU
		{30E4E7F0-F276-43A5-9240-1C8D12B5EBD8}.Release|x86.ActiveCfg = Release|Any CPU
		{30E4E7F0-F276-43A5-9240-1C8D12B5EBD8}.Release|x86.Build.0 = Release|Any CPU
		{3221CD8E-6550-4CC7-A896-701560558843}.Debug|Any CPU.ActiveCfg = Debug|Any CPU
		{3221CD8E-6550-4CC7-A896-701560558843}.Debug|Any CPU.Build.0 = Debug|Any CPU
		{3221CD8E-6550-4CC7-A896-701560558843}.Debug|x64.ActiveCfg = Debug|Any CPU
		{3221CD8E-6550-4CC7-A896-701560558843}.Debug|x64.Build.0 = Debug|Any CPU
		{3221CD8E-6550-4CC7-A896-701560558843}.Debug|x86.ActiveCfg = Debug|Any CPU
		{3221CD8E-6550-4CC7-A896-701560558843}.Debug|x86.Build.0 = Debug|Any CPU
		{3221CD8E-6550-4CC7-A896-701560558843}.Release|Any CPU.ActiveCfg = Release|Any CPU
		{3221CD8E-6550-4CC7-A896-701560558843}.Release|Any CPU.Build.0 = Release|Any CPU
		{3221CD8E-6550-4CC7-A896-701560558843}.Release|x64.ActiveCfg = Release|Any CPU
		{3221CD8E-6550-4CC7-A896-701560558843}.Release|x64.Build.0 = Release|Any CPU
		{3221CD8E-6550-4CC7-A896-701560558843}.Release|x86.ActiveCfg = Release|Any CPU
		{3221CD8E-6550-4CC7-A896-701560558843}.Release|x86.Build.0 = Release|Any CPU
		{39584531-0FD1-4D4E-90BD-B58DBEC56E34}.Debug|Any CPU.ActiveCfg = Debug|Any CPU
		{39584531-0FD1-4D4E-90BD-B58DBEC56E34}.Debug|Any CPU.Build.0 = Debug|Any CPU
		{39584531-0FD1-4D4E-90BD-B58DBEC56E34}.Debug|x64.ActiveCfg = Debug|Any CPU
		{39584531-0FD1-4D4E-90BD-B58DBEC56E34}.Debug|x64.Build.0 = Debug|Any CPU
		{39584531-0FD1-4D4E-90BD-B58DBEC56E34}.Debug|x86.ActiveCfg = Debug|Any CPU
		{39584531-0FD1-4D4E-90BD-B58DBEC56E34}.Debug|x86.Build.0 = Debug|Any CPU
		{39584531-0FD1-4D4E-90BD-B58DBEC56E34}.Release|Any CPU.ActiveCfg = Release|Any CPU
		{39584531-0FD1-4D4E-90BD-B58DBEC56E34}.Release|Any CPU.Build.0 = Release|Any CPU
		{39584531-0FD1-4D4E-90BD-B58DBEC56E34}.Release|x64.ActiveCfg = Release|Any CPU
		{39584531-0FD1-4D4E-90BD-B58DBEC56E34}.Release|x64.Build.0 = Release|Any CPU
		{39584531-0FD1-4D4E-90BD-B58DBEC56E34}.Release|x86.ActiveCfg = Release|Any CPU
		{39584531-0FD1-4D4E-90BD-B58DBEC56E34}.Release|x86.Build.0 = Release|Any CPU
		{07C625A3-8804-412F-9B52-64E688711925}.Debug|Any CPU.ActiveCfg = Debug|Any CPU
		{07C625A3-8804-412F-9B52-64E688711925}.Debug|Any CPU.Build.0 = Debug|Any CPU
		{07C625A3-8804-412F-9B52-64E688711925}.Debug|x64.ActiveCfg = Debug|Any CPU
		{07C625A3-8804-412F-9B52-64E688711925}.Debug|x64.Build.0 = Debug|Any CPU
		{07C625A3-8804-412F-9B52-64E688711925}.Debug|x86.ActiveCfg = Debug|Any CPU
		{07C625A3-8804-412F-9B52-64E688711925}.Debug|x86.Build.0 = Debug|Any CPU
		{07C625A3-8804-412F-9B52-64E688711925}.Release|Any CPU.ActiveCfg = Release|Any CPU
		{07C625A3-8804-412F-9B52-64E688711925}.Release|Any CPU.Build.0 = Release|Any CPU
		{07C625A3-8804-412F-9B52-64E688711925}.Release|x64.ActiveCfg = Release|Any CPU
		{07C625A3-8804-412F-9B52-64E688711925}.Release|x64.Build.0 = Release|Any CPU
		{07C625A3-8804-412F-9B52-64E688711925}.Release|x86.ActiveCfg = Release|Any CPU
		{07C625A3-8804-412F-9B52-64E688711925}.Release|x86.Build.0 = Release|Any CPU
		{AF9421A7-BA3E-4A29-934F-B7192909F699}.Debug|Any CPU.ActiveCfg = Debug|Any CPU
		{AF9421A7-BA3E-4A29-934F-B7192909F699}.Debug|Any CPU.Build.0 = Debug|Any CPU
		{AF9421A7-BA3E-4A29-934F-B7192909F699}.Debug|x64.ActiveCfg = Debug|Any CPU
		{AF9421A7-BA3E-4A29-934F-B7192909F699}.Debug|x64.Build.0 = Debug|Any CPU
		{AF9421A7-BA3E-4A29-934F-B7192909F699}.Debug|x86.ActiveCfg = Debug|Any CPU
		{AF9421A7-BA3E-4A29-934F-B7192909F699}.Debug|x86.Build.0 = Debug|Any CPU
		{AF9421A7-BA3E-4A29-934F-B7192909F699}.Release|Any CPU.ActiveCfg = Release|Any CPU
		{AF9421A7-BA3E-4A29-934F-B7192909F699}.Release|Any CPU.Build.0 = Release|Any CPU
		{AF9421A7-BA3E-4A29-934F-B7192909F699}.Release|x64.ActiveCfg = Release|Any CPU
		{AF9421A7-BA3E-4A29-934F-B7192909F699}.Release|x64.Build.0 = Release|Any CPU
		{AF9421A7-BA3E-4A29-934F-B7192909F699}.Release|x86.ActiveCfg = Release|Any CPU
		{AF9421A7-BA3E-4A29-934F-B7192909F699}.Release|x86.Build.0 = Release|Any CPU
		{9126E3F8-88BA-48D0-B499-6D2384C79FA2}.Debug|Any CPU.ActiveCfg = Debug|Any CPU
		{9126E3F8-88BA-48D0-B499-6D2384C79FA2}.Debug|Any CPU.Build.0 = Debug|Any CPU
		{9126E3F8-88BA-48D0-B499-6D2384C79FA2}.Debug|x64.ActiveCfg = Debug|Any CPU
		{9126E3F8-88BA-48D0-B499-6D2384C79FA2}.Debug|x64.Build.0 = Debug|Any CPU
		{9126E3F8-88BA-48D0-B499-6D2384C79FA2}.Debug|x86.ActiveCfg = Debug|Any CPU
		{9126E3F8-88BA-48D0-B499-6D2384C79FA2}.Debug|x86.Build.0 = Debug|Any CPU
		{9126E3F8-88BA-48D0-B499-6D2384C79FA2}.Release|Any CPU.ActiveCfg = Release|Any CPU
		{9126E3F8-88BA-48D0-B499-6D2384C79FA2}.Release|Any CPU.Build.0 = Release|Any CPU
		{9126E3F8-88BA-48D0-B499-6D2384C79FA2}.Release|x64.ActiveCfg = Release|Any CPU
		{9126E3F8-88BA-48D0-B499-6D2384C79FA2}.Release|x64.Build.0 = Release|Any CPU
		{9126E3F8-88BA-48D0-B499-6D2384C79FA2}.Release|x86.ActiveCfg = Release|Any CPU
		{9126E3F8-88BA-48D0-B499-6D2384C79FA2}.Release|x86.Build.0 = Release|Any CPU
		{2F37FDED-3172-4CD1-A6C2-8ECE431D1A5C}.Debug|Any CPU.ActiveCfg = Debug|Any CPU
		{2F37FDED-3172-4CD1-A6C2-8ECE431D1A5C}.Debug|Any CPU.Build.0 = Debug|Any CPU
		{2F37FDED-3172-4CD1-A6C2-8ECE431D1A5C}.Debug|x64.ActiveCfg = Debug|Any CPU
		{2F37FDED-3172-4CD1-A6C2-8ECE431D1A5C}.Debug|x64.Build.0 = Debug|Any CPU
		{2F37FDED-3172-4CD1-A6C2-8ECE431D1A5C}.Debug|x86.ActiveCfg = Debug|Any CPU
		{2F37FDED-3172-4CD1-A6C2-8ECE431D1A5C}.Debug|x86.Build.0 = Debug|Any CPU
		{2F37FDED-3172-4CD1-A6C2-8ECE431D1A5C}.Release|Any CPU.ActiveCfg = Release|Any CPU
		{2F37FDED-3172-4CD1-A6C2-8ECE431D1A5C}.Release|Any CPU.Build.0 = Release|Any CPU
		{2F37FDED-3172-4CD1-A6C2-8ECE431D1A5C}.Release|x64.ActiveCfg = Release|Any CPU
		{2F37FDED-3172-4CD1-A6C2-8ECE431D1A5C}.Release|x64.Build.0 = Release|Any CPU
		{2F37FDED-3172-4CD1-A6C2-8ECE431D1A5C}.Release|x86.ActiveCfg = Release|Any CPU
		{2F37FDED-3172-4CD1-A6C2-8ECE431D1A5C}.Release|x86.Build.0 = Release|Any CPU
		{29CF350D-E225-46DC-8784-F760328C3A26}.Debug|Any CPU.ActiveCfg = Debug|Any CPU
		{29CF350D-E225-46DC-8784-F760328C3A26}.Debug|Any CPU.Build.0 = Debug|Any CPU
		{29CF350D-E225-46DC-8784-F760328C3A26}.Debug|x64.ActiveCfg = Debug|Any CPU
		{29CF350D-E225-46DC-8784-F760328C3A26}.Debug|x64.Build.0 = Debug|Any CPU
		{29CF350D-E225-46DC-8784-F760328C3A26}.Debug|x86.ActiveCfg = Debug|Any CPU
		{29CF350D-E225-46DC-8784-F760328C3A26}.Debug|x86.Build.0 = Debug|Any CPU
		{29CF350D-E225-46DC-8784-F760328C3A26}.Release|Any CPU.ActiveCfg = Release|Any CPU
		{29CF350D-E225-46DC-8784-F760328C3A26}.Release|Any CPU.Build.0 = Release|Any CPU
		{29CF350D-E225-46DC-8784-F760328C3A26}.Release|x64.ActiveCfg = Release|Any CPU
		{29CF350D-E225-46DC-8784-F760328C3A26}.Release|x64.Build.0 = Release|Any CPU
		{29CF350D-E225-46DC-8784-F760328C3A26}.Release|x86.ActiveCfg = Release|Any CPU
		{29CF350D-E225-46DC-8784-F760328C3A26}.Release|x86.Build.0 = Release|Any CPU
		{A42112E7-F10E-477C-9B71-6910A5DFFCF1}.Debug|Any CPU.ActiveCfg = Debug|Any CPU
		{A42112E7-F10E-477C-9B71-6910A5DFFCF1}.Debug|Any CPU.Build.0 = Debug|Any CPU
		{A42112E7-F10E-477C-9B71-6910A5DFFCF1}.Debug|x64.ActiveCfg = Debug|Any CPU
		{A42112E7-F10E-477C-9B71-6910A5DFFCF1}.Debug|x64.Build.0 = Debug|Any CPU
		{A42112E7-F10E-477C-9B71-6910A5DFFCF1}.Debug|x86.ActiveCfg = Debug|Any CPU
		{A42112E7-F10E-477C-9B71-6910A5DFFCF1}.Debug|x86.Build.0 = Debug|Any CPU
		{A42112E7-F10E-477C-9B71-6910A5DFFCF1}.Release|Any CPU.ActiveCfg = Release|Any CPU
		{A42112E7-F10E-477C-9B71-6910A5DFFCF1}.Release|Any CPU.Build.0 = Release|Any CPU
		{A42112E7-F10E-477C-9B71-6910A5DFFCF1}.Release|x64.ActiveCfg = Release|Any CPU
		{A42112E7-F10E-477C-9B71-6910A5DFFCF1}.Release|x64.Build.0 = Release|Any CPU
		{A42112E7-F10E-477C-9B71-6910A5DFFCF1}.Release|x86.ActiveCfg = Release|Any CPU
		{A42112E7-F10E-477C-9B71-6910A5DFFCF1}.Release|x86.Build.0 = Release|Any CPU
		{78E82DBA-051B-4B86-8128-66C3AFFDAC51}.Debug|Any CPU.ActiveCfg = Debug|Any CPU
		{78E82DBA-051B-4B86-8128-66C3AFFDAC51}.Debug|Any CPU.Build.0 = Debug|Any CPU
		{78E82DBA-051B-4B86-8128-66C3AFFDAC51}.Debug|x64.ActiveCfg = Debug|Any CPU
		{78E82DBA-051B-4B86-8128-66C3AFFDAC51}.Debug|x64.Build.0 = Debug|Any CPU
		{78E82DBA-051B-4B86-8128-66C3AFFDAC51}.Debug|x86.ActiveCfg = Debug|Any CPU
		{78E82DBA-051B-4B86-8128-66C3AFFDAC51}.Debug|x86.Build.0 = Debug|Any CPU
		{78E82DBA-051B-4B86-8128-66C3AFFDAC51}.Release|Any CPU.ActiveCfg = Release|Any CPU
		{78E82DBA-051B-4B86-8128-66C3AFFDAC51}.Release|Any CPU.Build.0 = Release|Any CPU
		{78E82DBA-051B-4B86-8128-66C3AFFDAC51}.Release|x64.ActiveCfg = Release|Any CPU
		{78E82DBA-051B-4B86-8128-66C3AFFDAC51}.Release|x64.Build.0 = Release|Any CPU
		{78E82DBA-051B-4B86-8128-66C3AFFDAC51}.Release|x86.ActiveCfg = Release|Any CPU
		{78E82DBA-051B-4B86-8128-66C3AFFDAC51}.Release|x86.Build.0 = Release|Any CPU
	EndGlobalSection
EndGlobal
