
Microsoft Visual Studio Solution File, Format Version 12.00
# Visual Studio Version 16
VisualStudioVersion = 16.6.30114.105
MinimumVisualStudioVersion = 10.0.40219.1
Project("{9A19103F-16F7-4668-BE54-9A1E7A4F7556}") = "R5T.T0034.Construction", "R5T.T0034.Construction\R5T.T0034.Construction.csproj", "{0C795B7F-14C1-402C-B960-6B3985E83820}"
EndProject
Project("{9A19103F-16F7-4668-BE54-9A1E7A4F7556}") = "R5T.T0034", "R5T.T0034\R5T.T0034.csproj", "{D98F19DF-C1F3-4534-9453-39CD942BB6E6}"
EndProject
Project("{9A19103F-16F7-4668-BE54-9A1E7A4F7556}") = "R5T.T0034.X001", "R5T.T0034.X001\R5T.T0034.X001.csproj", "{CFBC47F6-A7A8-4F30-AB6C-FF0DECE32A0A}"
EndProject
Project("{2150E333-8FDC-42A3-9474-1A3956D46DE8}") = "_Dependencies", "_Dependencies", "{0B0A86F7-EED8-478C-A06B-D8C869DCF3B5}"
EndProject
Project("{9A19103F-16F7-4668-BE54-9A1E7A4F7556}") = "R5T.Magyar", "..\..\R5T.Magyar\source\R5T.Magyar\R5T.Magyar.csproj", "{AAF7F56B-A948-4103-9228-30560CF577A6}"
EndProject
Project("{9A19103F-16F7-4668-BE54-9A1E7A4F7556}") = "R5T.T0034.X002", "R5T.T0034.X002\R5T.T0034.X002.csproj", "{48DD12BC-C8AA-4C0D-9C4A-871BD58C29DA}"
EndProject
Project("{9A19103F-16F7-4668-BE54-9A1E7A4F7556}") = "R5T.T0034.X003", "R5T.T0034.X003\R5T.T0034.X003.csproj", "{E47F08F5-9045-4637-801F-775EC19A1AAB}"
EndProject
Project("{FAE04EC0-301F-11D3-BF4B-00C04F79EFBC}") = "R5T.T0034.T001", "R5T.T0034.T001\R5T.T0034.T001.csproj", "{E488CAF2-E419-4899-8625-5EF3C5E3097B}"
EndProject
Project("{FAE04EC0-301F-11D3-BF4B-00C04F79EFBC}") = "R5T.T0034.T001.X001", "R5T.T0034.T001.X001\R5T.T0034.T001.X001.csproj", "{2EDB6CED-3350-48B1-B2A5-33DABCDC8444}"
EndProject
Project("{FAE04EC0-301F-11D3-BF4B-00C04F79EFBC}") = "R5T.T0034.X004", "R5T.T0034.X004\R5T.T0034.X004.csproj", "{630FBC33-4C9C-4E1E-8DAA-D11C008476D2}"
EndProject
Project("{FAE04EC0-301F-11D3-BF4B-00C04F79EFBC}") = "R5T.T0034.T001.X002", "R5T.T0034.T001.X002\R5T.T0034.T001.X002.csproj", "{D9D34377-4CAF-4ABC-80EE-403D77B3DFF7}"
EndProject
Project("{FAE04EC0-301F-11D3-BF4B-00C04F79EFBC}") = "R5T.T0034.X005", "R5T.T0034.X005\R5T.T0034.X005.csproj", "{B51FF1F2-5219-4497-BB7B-0883D8141FDA}"
EndProject
Project("{9A19103F-16F7-4668-BE54-9A1E7A4F7556}") = "R5T.L0011.T002", "..\..\R5T.L0011\source\R5T.L0011.T002\R5T.L0011.T002.csproj", "{93BB4478-351A-4BAB-A284-3F6478C59B7A}"
EndProject
Project("{9A19103F-16F7-4668-BE54-9A1E7A4F7556}") = "R5T.L0011.T002.X001", "..\..\R5T.L0011\source\R5T.L0011.T002.X001\R5T.L0011.T002.X001.csproj", "{6FBA71C2-E527-4F61-9A06-D883D31EBD7B}"
EndProject
Project("{FAE04EC0-301F-11D3-BF4B-00C04F79EFBC}") = "R5T.T0034.X006", "R5T.T0034.X006\R5T.T0034.X006.csproj", "{A928BC45-2B4D-4DE9-9DC0-2882DE2DF1EB}"
EndProject
Project("{9A19103F-16F7-4668-BE54-9A1E7A4F7556}") = "R5T.T0032.X0001", "..\..\R5T.T0032.X0001\source\R5T.T0032.X0001\R5T.T0032.X0001.csproj", "{80220C1E-A59D-4654-84B2-82FEFE092B93}"
EndProject
Project("{9A19103F-16F7-4668-BE54-9A1E7A4F7556}") = "R5T.T0032", "..\..\R5T.T0032\source\R5T.T0032\R5T.T0032.csproj", "{494B3751-02F8-4F1F-9AAF-F4D22D9EE9AC}"
EndProject
Global
	GlobalSection(SolutionConfigurationPlatforms) = preSolution
		Debug|Any CPU = Debug|Any CPU
		Debug|x64 = Debug|x64
		Debug|x86 = Debug|x86
		Release|Any CPU = Release|Any CPU
		Release|x64 = Release|x64
		Release|x86 = Release|x86
	EndGlobalSection
	GlobalSection(ProjectConfigurationPlatforms) = postSolution
		{0C795B7F-14C1-402C-B960-6B3985E83820}.Debug|Any CPU.ActiveCfg = Debug|Any CPU
		{0C795B7F-14C1-402C-B960-6B3985E83820}.Debug|Any CPU.Build.0 = Debug|Any CPU
		{0C795B7F-14C1-402C-B960-6B3985E83820}.Debug|x64.ActiveCfg = Debug|Any CPU
		{0C795B7F-14C1-402C-B960-6B3985E83820}.Debug|x64.Build.0 = Debug|Any CPU
		{0C795B7F-14C1-402C-B960-6B3985E83820}.Debug|x86.ActiveCfg = Debug|Any CPU
		{0C795B7F-14C1-402C-B960-6B3985E83820}.Debug|x86.Build.0 = Debug|Any CPU
		{0C795B7F-14C1-402C-B960-6B3985E83820}.Release|Any CPU.ActiveCfg = Release|Any CPU
		{0C795B7F-14C1-402C-B960-6B3985E83820}.Release|Any CPU.Build.0 = Release|Any CPU
		{0C795B7F-14C1-402C-B960-6B3985E83820}.Release|x64.ActiveCfg = Release|Any CPU
		{0C795B7F-14C1-402C-B960-6B3985E83820}.Release|x64.Build.0 = Release|Any CPU
		{0C795B7F-14C1-402C-B960-6B3985E83820}.Release|x86.ActiveCfg = Release|Any CPU
		{0C795B7F-14C1-402C-B960-6B3985E83820}.Release|x86.Build.0 = Release|Any CPU
		{D98F19DF-C1F3-4534-9453-39CD942BB6E6}.Debug|Any CPU.ActiveCfg = Debug|Any CPU
		{D98F19DF-C1F3-4534-9453-39CD942BB6E6}.Debug|Any CPU.Build.0 = Debug|Any CPU
		{D98F19DF-C1F3-4534-9453-39CD942BB6E6}.Debug|x64.ActiveCfg = Debug|Any CPU
		{D98F19DF-C1F3-4534-9453-39CD942BB6E6}.Debug|x64.Build.0 = Debug|Any CPU
		{D98F19DF-C1F3-4534-9453-39CD942BB6E6}.Debug|x86.ActiveCfg = Debug|Any CPU
		{D98F19DF-C1F3-4534-9453-39CD942BB6E6}.Debug|x86.Build.0 = Debug|Any CPU
		{D98F19DF-C1F3-4534-9453-39CD942BB6E6}.Release|Any CPU.ActiveCfg = Release|Any CPU
		{D98F19DF-C1F3-4534-9453-39CD942BB6E6}.Release|Any CPU.Build.0 = Release|Any CPU
		{D98F19DF-C1F3-4534-9453-39CD942BB6E6}.Release|x64.ActiveCfg = Release|Any CPU
		{D98F19DF-C1F3-4534-9453-39CD942BB6E6}.Release|x64.Build.0 = Release|Any CPU
		{D98F19DF-C1F3-4534-9453-39CD942BB6E6}.Release|x86.ActiveCfg = Release|Any CPU
		{D98F19DF-C1F3-4534-9453-39CD942BB6E6}.Release|x86.Build.0 = Release|Any CPU
		{CFBC47F6-A7A8-4F30-AB6C-FF0DECE32A0A}.Debug|Any CPU.ActiveCfg = Debug|Any CPU
		{CFBC47F6-A7A8-4F30-AB6C-FF0DECE32A0A}.Debug|Any CPU.Build.0 = Debug|Any CPU
		{CFBC47F6-A7A8-4F30-AB6C-FF0DECE32A0A}.Debug|x64.ActiveCfg = Debug|Any CPU
		{CFBC47F6-A7A8-4F30-AB6C-FF0DECE32A0A}.Debug|x64.Build.0 = Debug|Any CPU
		{CFBC47F6-A7A8-4F30-AB6C-FF0DECE32A0A}.Debug|x86.ActiveCfg = Debug|Any CPU
		{CFBC47F6-A7A8-4F30-AB6C-FF0DECE32A0A}.Debug|x86.Build.0 = Debug|Any CPU
		{CFBC47F6-A7A8-4F30-AB6C-FF0DECE32A0A}.Release|Any CPU.ActiveCfg = Release|Any CPU
		{CFBC47F6-A7A8-4F30-AB6C-FF0DECE32A0A}.Release|Any CPU.Build.0 = Release|Any CPU
		{CFBC47F6-A7A8-4F30-AB6C-FF0DECE32A0A}.Release|x64.ActiveCfg = Release|Any CPU
		{CFBC47F6-A7A8-4F30-AB6C-FF0DECE32A0A}.Release|x64.Build.0 = Release|Any CPU
		{CFBC47F6-A7A8-4F30-AB6C-FF0DECE32A0A}.Release|x86.ActiveCfg = Release|Any CPU
		{CFBC47F6-A7A8-4F30-AB6C-FF0DECE32A0A}.Release|x86.Build.0 = Release|Any CPU
		{AAF7F56B-A948-4103-9228-30560CF577A6}.Debug|Any CPU.ActiveCfg = Debug|Any CPU
		{AAF7F56B-A948-4103-9228-30560CF577A6}.Debug|Any CPU.Build.0 = Debug|Any CPU
		{AAF7F56B-A948-4103-9228-30560CF577A6}.Debug|x64.ActiveCfg = Debug|Any CPU
		{AAF7F56B-A948-4103-9228-30560CF577A6}.Debug|x64.Build.0 = Debug|Any CPU
		{AAF7F56B-A948-4103-9228-30560CF577A6}.Debug|x86.ActiveCfg = Debug|Any CPU
		{AAF7F56B-A948-4103-9228-30560CF577A6}.Debug|x86.Build.0 = Debug|Any CPU
		{AAF7F56B-A948-4103-9228-30560CF577A6}.Release|Any CPU.ActiveCfg = Release|Any CPU
		{AAF7F56B-A948-4103-9228-30560CF577A6}.Release|Any CPU.Build.0 = Release|Any CPU
		{AAF7F56B-A948-4103-9228-30560CF577A6}.Release|x64.ActiveCfg = Release|Any CPU
		{AAF7F56B-A948-4103-9228-30560CF577A6}.Release|x64.Build.0 = Release|Any CPU
		{AAF7F56B-A948-4103-9228-30560CF577A6}.Release|x86.ActiveCfg = Release|Any CPU
		{AAF7F56B-A948-4103-9228-30560CF577A6}.Release|x86.Build.0 = Release|Any CPU
		{48DD12BC-C8AA-4C0D-9C4A-871BD58C29DA}.Debug|Any CPU.ActiveCfg = Debug|Any CPU
		{48DD12BC-C8AA-4C0D-9C4A-871BD58C29DA}.Debug|Any CPU.Build.0 = Debug|Any CPU
		{48DD12BC-C8AA-4C0D-9C4A-871BD58C29DA}.Debug|x64.ActiveCfg = Debug|Any CPU
		{48DD12BC-C8AA-4C0D-9C4A-871BD58C29DA}.Debug|x64.Build.0 = Debug|Any CPU
		{48DD12BC-C8AA-4C0D-9C4A-871BD58C29DA}.Debug|x86.ActiveCfg = Debug|Any CPU
		{48DD12BC-C8AA-4C0D-9C4A-871BD58C29DA}.Debug|x86.Build.0 = Debug|Any CPU
		{48DD12BC-C8AA-4C0D-9C4A-871BD58C29DA}.Release|Any CPU.ActiveCfg = Release|Any CPU
		{48DD12BC-C8AA-4C0D-9C4A-871BD58C29DA}.Release|Any CPU.Build.0 = Release|Any CPU
		{48DD12BC-C8AA-4C0D-9C4A-871BD58C29DA}.Release|x64.ActiveCfg = Release|Any CPU
		{48DD12BC-C8AA-4C0D-9C4A-871BD58C29DA}.Release|x64.Build.0 = Release|Any CPU
		{48DD12BC-C8AA-4C0D-9C4A-871BD58C29DA}.Release|x86.ActiveCfg = Release|Any CPU
		{48DD12BC-C8AA-4C0D-9C4A-871BD58C29DA}.Release|x86.Build.0 = Release|Any CPU
		{E47F08F5-9045-4637-801F-775EC19A1AAB}.Debug|Any CPU.ActiveCfg = Debug|Any CPU
		{E47F08F5-9045-4637-801F-775EC19A1AAB}.Debug|Any CPU.Build.0 = Debug|Any CPU
		{E47F08F5-9045-4637-801F-775EC19A1AAB}.Debug|x64.ActiveCfg = Debug|Any CPU
		{E47F08F5-9045-4637-801F-775EC19A1AAB}.Debug|x64.Build.0 = Debug|Any CPU
		{E47F08F5-9045-4637-801F-775EC19A1AAB}.Debug|x86.ActiveCfg = Debug|Any CPU
		{E47F08F5-9045-4637-801F-775EC19A1AAB}.Debug|x86.Build.0 = Debug|Any CPU
		{E47F08F5-9045-4637-801F-775EC19A1AAB}.Release|Any CPU.ActiveCfg = Release|Any CPU
		{E47F08F5-9045-4637-801F-775EC19A1AAB}.Release|Any CPU.Build.0 = Release|Any CPU
		{E47F08F5-9045-4637-801F-775EC19A1AAB}.Release|x64.ActiveCfg = Release|Any CPU
		{E47F08F5-9045-4637-801F-775EC19A1AAB}.Release|x64.Build.0 = Release|Any CPU
		{E47F08F5-9045-4637-801F-775EC19A1AAB}.Release|x86.ActiveCfg = Release|Any CPU
		{E47F08F5-9045-4637-801F-775EC19A1AAB}.Release|x86.Build.0 = Release|Any CPU
		{E488CAF2-E419-4899-8625-5EF3C5E3097B}.Debug|Any CPU.ActiveCfg = Debug|Any CPU
		{E488CAF2-E419-4899-8625-5EF3C5E3097B}.Debug|Any CPU.Build.0 = Debug|Any CPU
		{E488CAF2-E419-4899-8625-5EF3C5E3097B}.Debug|x64.ActiveCfg = Debug|Any CPU
		{E488CAF2-E419-4899-8625-5EF3C5E3097B}.Debug|x64.Build.0 = Debug|Any CPU
		{E488CAF2-E419-4899-8625-5EF3C5E3097B}.Debug|x86.ActiveCfg = Debug|Any CPU
		{E488CAF2-E419-4899-8625-5EF3C5E3097B}.Debug|x86.Build.0 = Debug|Any CPU
		{E488CAF2-E419-4899-8625-5EF3C5E3097B}.Release|Any CPU.ActiveCfg = Release|Any CPU
		{E488CAF2-E419-4899-8625-5EF3C5E3097B}.Release|Any CPU.Build.0 = Release|Any CPU
		{E488CAF2-E419-4899-8625-5EF3C5E3097B}.Release|x64.ActiveCfg = Release|Any CPU
		{E488CAF2-E419-4899-8625-5EF3C5E3097B}.Release|x64.Build.0 = Release|Any CPU
		{E488CAF2-E419-4899-8625-5EF3C5E3097B}.Release|x86.ActiveCfg = Release|Any CPU
		{E488CAF2-E419-4899-8625-5EF3C5E3097B}.Release|x86.Build.0 = Release|Any CPU
		{2EDB6CED-3350-48B1-B2A5-33DABCDC8444}.Debug|Any CPU.ActiveCfg = Debug|Any CPU
		{2EDB6CED-3350-48B1-B2A5-33DABCDC8444}.Debug|Any CPU.Build.0 = Debug|Any CPU
		{2EDB6CED-3350-48B1-B2A5-33DABCDC8444}.Debug|x64.ActiveCfg = Debug|Any CPU
		{2EDB6CED-3350-48B1-B2A5-33DABCDC8444}.Debug|x64.Build.0 = Debug|Any CPU
		{2EDB6CED-3350-48B1-B2A5-33DABCDC8444}.Debug|x86.ActiveCfg = Debug|Any CPU
		{2EDB6CED-3350-48B1-B2A5-33DABCDC8444}.Debug|x86.Build.0 = Debug|Any CPU
		{2EDB6CED-3350-48B1-B2A5-33DABCDC8444}.Release|Any CPU.ActiveCfg = Release|Any CPU
		{2EDB6CED-3350-48B1-B2A5-33DABCDC8444}.Release|Any CPU.Build.0 = Release|Any CPU
		{2EDB6CED-3350-48B1-B2A5-33DABCDC8444}.Release|x64.ActiveCfg = Release|Any CPU
		{2EDB6CED-3350-48B1-B2A5-33DABCDC8444}.Release|x64.Build.0 = Release|Any CPU
		{2EDB6CED-3350-48B1-B2A5-33DABCDC8444}.Release|x86.ActiveCfg = Release|Any CPU
		{2EDB6CED-3350-48B1-B2A5-33DABCDC8444}.Release|x86.Build.0 = Release|Any CPU
		{630FBC33-4C9C-4E1E-8DAA-D11C008476D2}.Debug|Any CPU.ActiveCfg = Debug|Any CPU
		{630FBC33-4C9C-4E1E-8DAA-D11C008476D2}.Debug|Any CPU.Build.0 = Debug|Any CPU
		{630FBC33-4C9C-4E1E-8DAA-D11C008476D2}.Debug|x64.ActiveCfg = Debug|Any CPU
		{630FBC33-4C9C-4E1E-8DAA-D11C008476D2}.Debug|x64.Build.0 = Debug|Any CPU
		{630FBC33-4C9C-4E1E-8DAA-D11C008476D2}.Debug|x86.ActiveCfg = Debug|Any CPU
		{630FBC33-4C9C-4E1E-8DAA-D11C008476D2}.Debug|x86.Build.0 = Debug|Any CPU
		{630FBC33-4C9C-4E1E-8DAA-D11C008476D2}.Release|Any CPU.ActiveCfg = Release|Any CPU
		{630FBC33-4C9C-4E1E-8DAA-D11C008476D2}.Release|Any CPU.Build.0 = Release|Any CPU
		{630FBC33-4C9C-4E1E-8DAA-D11C008476D2}.Release|x64.ActiveCfg = Release|Any CPU
		{630FBC33-4C9C-4E1E-8DAA-D11C008476D2}.Release|x64.Build.0 = Release|Any CPU
		{630FBC33-4C9C-4E1E-8DAA-D11C008476D2}.Release|x86.ActiveCfg = Release|Any CPU
		{630FBC33-4C9C-4E1E-8DAA-D11C008476D2}.Release|x86.Build.0 = Release|Any CPU
		{D9D34377-4CAF-4ABC-80EE-403D77B3DFF7}.Debug|Any CPU.ActiveCfg = Debug|Any CPU
		{D9D34377-4CAF-4ABC-80EE-403D77B3DFF7}.Debug|Any CPU.Build.0 = Debug|Any CPU
		{D9D34377-4CAF-4ABC-80EE-403D77B3DFF7}.Debug|x64.ActiveCfg = Debug|Any CPU
		{D9D34377-4CAF-4ABC-80EE-403D77B3DFF7}.Debug|x64.Build.0 = Debug|Any CPU
		{D9D34377-4CAF-4ABC-80EE-403D77B3DFF7}.Debug|x86.ActiveCfg = Debug|Any CPU
		{D9D34377-4CAF-4ABC-80EE-403D77B3DFF7}.Debug|x86.Build.0 = Debug|Any CPU
		{D9D34377-4CAF-4ABC-80EE-403D77B3DFF7}.Release|Any CPU.ActiveCfg = Release|Any CPU
		{D9D34377-4CAF-4ABC-80EE-403D77B3DFF7}.Release|Any CPU.Build.0 = Release|Any CPU
		{D9D34377-4CAF-4ABC-80EE-403D77B3DFF7}.Release|x64.ActiveCfg = Release|Any CPU
		{D9D34377-4CAF-4ABC-80EE-403D77B3DFF7}.Release|x64.Build.0 = Release|Any CPU
		{D9D34377-4CAF-4ABC-80EE-403D77B3DFF7}.Release|x86.ActiveCfg = Release|Any CPU
		{D9D34377-4CAF-4ABC-80EE-403D77B3DFF7}.Release|x86.Build.0 = Release|Any CPU
		{B51FF1F2-5219-4497-BB7B-0883D8141FDA}.Debug|Any CPU.ActiveCfg = Debug|Any CPU
		{B51FF1F2-5219-4497-BB7B-0883D8141FDA}.Debug|Any CPU.Build.0 = Debug|Any CPU
		{B51FF1F2-5219-4497-BB7B-0883D8141FDA}.Debug|x64.ActiveCfg = Debug|Any CPU
		{B51FF1F2-5219-4497-BB7B-0883D8141FDA}.Debug|x64.Build.0 = Debug|Any CPU
		{B51FF1F2-5219-4497-BB7B-0883D8141FDA}.Debug|x86.ActiveCfg = Debug|Any CPU
		{B51FF1F2-5219-4497-BB7B-0883D8141FDA}.Debug|x86.Build.0 = Debug|Any CPU
		{B51FF1F2-5219-4497-BB7B-0883D8141FDA}.Release|Any CPU.ActiveCfg = Release|Any CPU
		{B51FF1F2-5219-4497-BB7B-0883D8141FDA}.Release|Any CPU.Build.0 = Release|Any CPU
		{B51FF1F2-5219-4497-BB7B-0883D8141FDA}.Release|x64.ActiveCfg = Release|Any CPU
		{B51FF1F2-5219-4497-BB7B-0883D8141FDA}.Release|x64.Build.0 = Release|Any CPU
		{B51FF1F2-5219-4497-BB7B-0883D8141FDA}.Release|x86.ActiveCfg = Release|Any CPU
		{B51FF1F2-5219-4497-BB7B-0883D8141FDA}.Release|x86.Build.0 = Release|Any CPU
		{93BB4478-351A-4BAB-A284-3F6478C59B7A}.Debug|Any CPU.ActiveCfg = Debug|Any CPU
		{93BB4478-351A-4BAB-A284-3F6478C59B7A}.Debug|Any CPU.Build.0 = Debug|Any CPU
		{93BB4478-351A-4BAB-A284-3F6478C59B7A}.Debug|x64.ActiveCfg = Debug|Any CPU
		{93BB4478-351A-4BAB-A284-3F6478C59B7A}.Debug|x64.Build.0 = Debug|Any CPU
		{93BB4478-351A-4BAB-A284-3F6478C59B7A}.Debug|x86.ActiveCfg = Debug|Any CPU
		{93BB4478-351A-4BAB-A284-3F6478C59B7A}.Debug|x86.Build.0 = Debug|Any CPU
		{93BB4478-351A-4BAB-A284-3F6478C59B7A}.Release|Any CPU.ActiveCfg = Release|Any CPU
		{93BB4478-351A-4BAB-A284-3F6478C59B7A}.Release|Any CPU.Build.0 = Release|Any CPU
		{93BB4478-351A-4BAB-A284-3F6478C59B7A}.Release|x64.ActiveCfg = Release|Any CPU
		{93BB4478-351A-4BAB-A284-3F6478C59B7A}.Release|x64.Build.0 = Release|Any CPU
		{93BB4478-351A-4BAB-A284-3F6478C59B7A}.Release|x86.ActiveCfg = Release|Any CPU
		{93BB4478-351A-4BAB-A284-3F6478C59B7A}.Release|x86.Build.0 = Release|Any CPU
		{6FBA71C2-E527-4F61-9A06-D883D31EBD7B}.Debug|Any CPU.ActiveCfg = Debug|Any CPU
		{6FBA71C2-E527-4F61-9A06-D883D31EBD7B}.Debug|Any CPU.Build.0 = Debug|Any CPU
		{6FBA71C2-E527-4F61-9A06-D883D31EBD7B}.Debug|x64.ActiveCfg = Debug|Any CPU
		{6FBA71C2-E527-4F61-9A06-D883D31EBD7B}.Debug|x64.Build.0 = Debug|Any CPU
		{6FBA71C2-E527-4F61-9A06-D883D31EBD7B}.Debug|x86.ActiveCfg = Debug|Any CPU
		{6FBA71C2-E527-4F61-9A06-D883D31EBD7B}.Debug|x86.Build.0 = Debug|Any CPU
		{6FBA71C2-E527-4F61-9A06-D883D31EBD7B}.Release|Any CPU.ActiveCfg = Release|Any CPU
		{6FBA71C2-E527-4F61-9A06-D883D31EBD7B}.Release|Any CPU.Build.0 = Release|Any CPU
		{6FBA71C2-E527-4F61-9A06-D883D31EBD7B}.Release|x64.ActiveCfg = Release|Any CPU
		{6FBA71C2-E527-4F61-9A06-D883D31EBD7B}.Release|x64.Build.0 = Release|Any CPU
		{6FBA71C2-E527-4F61-9A06-D883D31EBD7B}.Release|x86.ActiveCfg = Release|Any CPU
		{6FBA71C2-E527-4F61-9A06-D883D31EBD7B}.Release|x86.Build.0 = Release|Any CPU
		{A928BC45-2B4D-4DE9-9DC0-2882DE2DF1EB}.Debug|Any CPU.ActiveCfg = Debug|Any CPU
		{A928BC45-2B4D-4DE9-9DC0-2882DE2DF1EB}.Debug|Any CPU.Build.0 = Debug|Any CPU
		{A928BC45-2B4D-4DE9-9DC0-2882DE2DF1EB}.Debug|x64.ActiveCfg = Debug|Any CPU
		{A928BC45-2B4D-4DE9-9DC0-2882DE2DF1EB}.Debug|x64.Build.0 = Debug|Any CPU
		{A928BC45-2B4D-4DE9-9DC0-2882DE2DF1EB}.Debug|x86.ActiveCfg = Debug|Any CPU
		{A928BC45-2B4D-4DE9-9DC0-2882DE2DF1EB}.Debug|x86.Build.0 = Debug|Any CPU
		{A928BC45-2B4D-4DE9-9DC0-2882DE2DF1EB}.Release|Any CPU.ActiveCfg = Release|Any CPU
		{A928BC45-2B4D-4DE9-9DC0-2882DE2DF1EB}.Release|Any CPU.Build.0 = Release|Any CPU
		{A928BC45-2B4D-4DE9-9DC0-2882DE2DF1EB}.Release|x64.ActiveCfg = Release|Any CPU
		{A928BC45-2B4D-4DE9-9DC0-2882DE2DF1EB}.Release|x64.Build.0 = Release|Any CPU
		{A928BC45-2B4D-4DE9-9DC0-2882DE2DF1EB}.Release|x86.ActiveCfg = Release|Any CPU
		{A928BC45-2B4D-4DE9-9DC0-2882DE2DF1EB}.Release|x86.Build.0 = Release|Any CPU
		{80220C1E-A59D-4654-84B2-82FEFE092B93}.Debug|Any CPU.ActiveCfg = Debug|Any CPU
		{80220C1E-A59D-4654-84B2-82FEFE092B93}.Debug|Any CPU.Build.0 = Debug|Any CPU
		{80220C1E-A59D-4654-84B2-82FEFE092B93}.Debug|x64.ActiveCfg = Debug|Any CPU
		{80220C1E-A59D-4654-84B2-82FEFE092B93}.Debug|x64.Build.0 = Debug|Any CPU
		{80220C1E-A59D-4654-84B2-82FEFE092B93}.Debug|x86.ActiveCfg = Debug|Any CPU
		{80220C1E-A59D-4654-84B2-82FEFE092B93}.Debug|x86.Build.0 = Debug|Any CPU
		{80220C1E-A59D-4654-84B2-82FEFE092B93}.Release|Any CPU.ActiveCfg = Release|Any CPU
		{80220C1E-A59D-4654-84B2-82FEFE092B93}.Release|Any CPU.Build.0 = Release|Any CPU
		{80220C1E-A59D-4654-84B2-82FEFE092B93}.Release|x64.ActiveCfg = Release|Any CPU
		{80220C1E-A59D-4654-84B2-82FEFE092B93}.Release|x64.Build.0 = Release|Any CPU
		{80220C1E-A59D-4654-84B2-82FEFE092B93}.Release|x86.ActiveCfg = Release|Any CPU
		{80220C1E-A59D-4654-84B2-82FEFE092B93}.Release|x86.Build.0 = Release|Any CPU
		{494B3751-02F8-4F1F-9AAF-F4D22D9EE9AC}.Debug|Any CPU.ActiveCfg = Debug|Any CPU
		{494B3751-02F8-4F1F-9AAF-F4D22D9EE9AC}.Debug|Any CPU.Build.0 = Debug|Any CPU
		{494B3751-02F8-4F1F-9AAF-F4D22D9EE9AC}.Debug|x64.ActiveCfg = Debug|Any CPU
		{494B3751-02F8-4F1F-9AAF-F4D22D9EE9AC}.Debug|x64.Build.0 = Debug|Any CPU
		{494B3751-02F8-4F1F-9AAF-F4D22D9EE9AC}.Debug|x86.ActiveCfg = Debug|Any CPU
		{494B3751-02F8-4F1F-9AAF-F4D22D9EE9AC}.Debug|x86.Build.0 = Debug|Any CPU
		{494B3751-02F8-4F1F-9AAF-F4D22D9EE9AC}.Release|Any CPU.ActiveCfg = Release|Any CPU
		{494B3751-02F8-4F1F-9AAF-F4D22D9EE9AC}.Release|Any CPU.Build.0 = Release|Any CPU
		{494B3751-02F8-4F1F-9AAF-F4D22D9EE9AC}.Release|x64.ActiveCfg = Release|Any CPU
		{494B3751-02F8-4F1F-9AAF-F4D22D9EE9AC}.Release|x64.Build.0 = Release|Any CPU
		{494B3751-02F8-4F1F-9AAF-F4D22D9EE9AC}.Release|x86.ActiveCfg = Release|Any CPU
		{494B3751-02F8-4F1F-9AAF-F4D22D9EE9AC}.Release|x86.Build.0 = Release|Any CPU
	EndGlobalSection
	GlobalSection(SolutionProperties) = preSolution
		HideSolutionNode = FALSE
	EndGlobalSection
	GlobalSection(NestedProjects) = preSolution
		{AAF7F56B-A948-4103-9228-30560CF577A6} = {0B0A86F7-EED8-478C-A06B-D8C869DCF3B5}
		{93BB4478-351A-4BAB-A284-3F6478C59B7A} = {0B0A86F7-EED8-478C-A06B-D8C869DCF3B5}
		{6FBA71C2-E527-4F61-9A06-D883D31EBD7B} = {0B0A86F7-EED8-478C-A06B-D8C869DCF3B5}
		{80220C1E-A59D-4654-84B2-82FEFE092B93} = {0B0A86F7-EED8-478C-A06B-D8C869DCF3B5}
		{494B3751-02F8-4F1F-9AAF-F4D22D9EE9AC} = {0B0A86F7-EED8-478C-A06B-D8C869DCF3B5}
	EndGlobalSection
	GlobalSection(ExtensibilityGlobals) = postSolution
		SolutionGuid = {A2E1C4D4-AAD9-4BAD-B372-F8C46D86A9F0}
	EndGlobalSection
EndGlobal
